
Microsoft Visual Studio Solution File, Format Version 12.00
# Visual Studio Version 17
VisualStudioVersion = 17.9.34701.34
MinimumVisualStudioVersion = 10.0.40219.1
Project("{FAE04EC0-301F-11D3-BF4B-00C04F79EFBC}") = "SoundRecording", "SoundRecording\SoundRecording.csproj", "{E46494D1-DE08-455C-9BFB-6C9DD5A7F1B4}"
EndProject
Global
	GlobalSection(SolutionConfigurationPlatforms) = preSolution
		Debug|Any CPU = Debug|Any CPU
		Release|Any CPU = Release|Any CPU
	EndGlobalSection
	GlobalSection(ProjectConfigurationPlatforms) = postSolution
		{E46494D1-DE08-455C-9BFB-6C9DD5A7F1B4}.Debug|Any CPU.ActiveCfg = Debug|Any CPU
		{E46494D1-DE08-455C-9BFB-6C9DD5A7F1B4}.Debug|Any CPU.Build.0 = Debug|Any CPU
		{E46494D1-DE08-455C-9BFB-6C9DD5A7F1B4}.Release|Any CPU.ActiveCfg = Release|Any CPU
		{E46494D1-DE08-455C-9BFB-6C9DD5A7F1B4}.Release|Any CPU.Build.0 = Release|Any CPU
	EndGlobalSection
	GlobalSection(SolutionProperties) = preSolution
		HideSolutionNode = FALSE
	EndGlobalSection
	GlobalSection(ExtensibilityGlobals) = postSolution
		SolutionGuid = {3FA8F9B3-B78F-4EFB-BFE5-C34A457B9267}
	EndGlobalSection
EndGlobal
